
Microsoft Visual Studio Solution File, Format Version 12.00
# Visual Studio Version 17
VisualStudioVersion = 17.11.35208.52
MinimumVisualStudioVersion = 10.0.40219.1
Project("{FAE04EC0-301F-11D3-BF4B-00C04F79EFBC}") = "Regex_Practices", "Regex_Practices.csproj", "{7B0742F2-705B-4440-8433-9A8740F7FDF8}"
EndProject
Global
	GlobalSection(SolutionConfigurationPlatforms) = preSolution
		Debug|Any CPU = Debug|Any CPU
		Release|Any CPU = Release|Any CPU
	EndGlobalSection
	GlobalSection(ProjectConfigurationPlatforms) = postSolution
		{7B0742F2-705B-4440-8433-9A8740F7FDF8}.Debug|Any CPU.ActiveCfg = Debug|Any CPU
		{7B0742F2-705B-4440-8433-9A8740F7FDF8}.Debug|Any CPU.Build.0 = Debug|Any CPU
		{7B0742F2-705B-4440-8433-9A8740F7FDF8}.Release|Any CPU.ActiveCfg = Release|Any CPU
		{7B0742F2-705B-4440-8433-9A8740F7FDF8}.Release|Any CPU.Build.0 = Release|Any CPU
	EndGlobalSection
	GlobalSection(SolutionProperties) = preSolution
		HideSolutionNode = FALSE
	EndGlobalSection
	GlobalSection(ExtensibilityGlobals) = postSolution
		SolutionGuid = {0B3F768A-CF49-4C7A-8939-AEE7E477D067}
	EndGlobalSection
EndGlobal
