
Microsoft Visual Studio Solution File, Format Version 12.00
# Visual Studio Version 17
VisualStudioVersion = 17.11.35208.52
MinimumVisualStudioVersion = 10.0.40219.1
Project("{FAE04EC0-301F-11D3-BF4B-00C04F79EFBC}") = "MiddleWare", "MiddleWare.csproj", "{16CD1F5C-DE4C-4FB3-B91A-F4463F12AF39}"
EndProject
Global
	GlobalSection(SolutionConfigurationPlatforms) = preSolution
		Debug|Any CPU = Debug|Any CPU
		Release|Any CPU = Release|Any CPU
	EndGlobalSection
	GlobalSection(ProjectConfigurationPlatforms) = postSolution
		{16CD1F5C-DE4C-4FB3-B91A-F4463F12AF39}.Debug|Any CPU.ActiveCfg = Debug|Any CPU
		{16CD1F5C-DE4C-4FB3-B91A-F4463F12AF39}.Debug|Any CPU.Build.0 = Debug|Any CPU
		{16CD1F5C-DE4C-4FB3-B91A-F4463F12AF39}.Release|Any CPU.ActiveCfg = Release|Any CPU
		{16CD1F5C-DE4C-4FB3-B91A-F4463F12AF39}.Release|Any CPU.Build.0 = Release|Any CPU
	EndGlobalSection
	GlobalSection(SolutionProperties) = preSolution
		HideSolutionNode = FALSE
	EndGlobalSection
	GlobalSection(ExtensibilityGlobals) = postSolution
		SolutionGuid = {254A1E83-1390-4DD8-B73A-2C8098ED2FA3}
	EndGlobalSection
EndGlobal
